# THIS IS AN AUTOGENERATED FILE. DO NOT EDIT THIS FILE DIRECTLY.
# yarn lockfile v1


"@types/node@*":
  version "17.0.0"
  resolved "https://registry.yarnpkg.com/@types/node/-/node-17.0.0.tgz#62797cee3b8b497f6547503b2312254d4fe3c2bb"
  integrity sha512-eMhwJXc931Ihh4tkU+Y7GiLzT/y/DBNpNtr4yU9O2w3SYBsr9NaOPhQlLKRmoWtI54uNwuo0IOUFQjVOTZYRvw==

"@types/serialport@^8.0.2":
  version "8.0.2"
  resolved "https://registry.yarnpkg.com/@types/serialport/-/serialport-8.0.2.tgz#32149f107f66450d4d9760c429923739c97e4a53"
  integrity sha512-z4b1I8/vdZE3upgCcAL9VAWlVVFUVn5uo3faAHavkVfK/Hb1LUxKwp9YCtA5AZqEUCWoSWl20SRTOvAI/5fQWQ==
  dependencies:
    "@types/node" "*"
